
Microsoft Visual Studio Solution File, Format Version 12.00
# Visual Studio Version 16
VisualStudioVersion = 16.0.33214.272
MinimumVisualStudioVersion = 10.0.40219.1
Project("{FAE04EC0-301F-11D3-BF4B-00C04F79EFBC}") = "Ancient Awakenings", "Ancient Awakenings\Ancient Awakenings.csproj", "{EAECEAA7-DC61-49A1-B861-4F2C612A2942}"
EndProject
Global
	GlobalSection(SolutionConfigurationPlatforms) = preSolution
		Debug|Any CPU = Debug|Any CPU
		Release|Any CPU = Release|Any CPU
	EndGlobalSection
	GlobalSection(ProjectConfigurationPlatforms) = postSolution
		{EAECEAA7-DC61-49A1-B861-4F2C612A2942}.Debug|Any CPU.ActiveCfg = Debug|Any CPU
		{EAECEAA7-DC61-49A1-B861-4F2C612A2942}.Debug|Any CPU.Build.0 = Debug|Any CPU
		{EAECEAA7-DC61-49A1-B861-4F2C612A2942}.Release|Any CPU.ActiveCfg = Release|Any CPU
		{EAECEAA7-DC61-49A1-B861-4F2C612A2942}.Release|Any CPU.Build.0 = Release|Any CPU
	EndGlobalSection
	GlobalSection(SolutionProperties) = preSolution
		HideSolutionNode = FALSE
	EndGlobalSection
	GlobalSection(ExtensibilityGlobals) = postSolution
		SolutionGuid = {44C96AAF-3AE6-47EC-AC74-A3E569991FF4}
	EndGlobalSection
EndGlobal
